
Microsoft Visual Studio Solution File, Format Version 12.00
# Visual Studio 15
VisualStudioVersion = 15.0.27130.2036
MinimumVisualStudioVersion = 10.0.40219.1
Project("{9A19103F-16F7-4668-BE54-9A1E7A4F7556}") = "DesignPattern.Singleton", "DesignPattern.Singleton\DesignPattern.Singleton.csproj", "{5F90FE6A-69F1-4AE2-8E9F-FFBBD219D9C2}"
EndProject
Project("{2150E333-8FDC-42A3-9474-1A3956D46DE8}") = "Creational patterns", "Creational patterns", "{6FBA3FCF-BE94-460A-81D2-2D8B74F69C87}"
EndProject
Project("{2150E333-8FDC-42A3-9474-1A3956D46DE8}") = "Structural patterns", "Structural patterns", "{F095BF33-BCC3-4D47-AD55-A42D7589FDB7}"
EndProject
Project("{2150E333-8FDC-42A3-9474-1A3956D46DE8}") = "Behavioral patterns", "Behavioral patterns", "{8F627491-096C-4E1B-A6E4-F10FE5F02003}"
EndProject
Project("{9A19103F-16F7-4668-BE54-9A1E7A4F7556}") = "DesignPattern.FactoryMethod", "DesignPattern.FactoryMethod\DesignPattern.FactoryMethod.csproj", "{918CA60B-590E-40CA-9792-0A503E856023}"
EndProject
Project("{9A19103F-16F7-4668-BE54-9A1E7A4F7556}") = "DesignPattern.AbstractFactory", "DesignPattern.AbstractFactory\DesignPattern.AbstractFactory.csproj", "{2876E9B8-94F9-47AE-B7FA-20EC2E8628B9}"
EndProject
Project("{9A19103F-16F7-4668-BE54-9A1E7A4F7556}") = "DesignPattern.Builder", "DesignPattern.Builder\DesignPattern.Builder.csproj", "{EC001F3C-B35D-4EFD-ACEF-E7BE1FE9B4CE}"
EndProject
Project("{9A19103F-16F7-4668-BE54-9A1E7A4F7556}") = "DesignPattern.Prototype", "DesignPattern.Prototype\DesignPattern.Prototype.csproj", "{7586A291-DB3C-4EAA-8A51-EC74A16D9BF8}"
EndProject
Project("{9A19103F-16F7-4668-BE54-9A1E7A4F7556}") = "DesignPattern.Adapter", "DesignPattern.Adapter\DesignPattern.Adapter.csproj", "{803408F7-CD00-47EF-B16A-3D11FCAAA6E5}"
EndProject
Project("{9A19103F-16F7-4668-BE54-9A1E7A4F7556}") = "DesignPattern.Bridge", "DesignPattern.Bridge\DesignPattern.Bridge.csproj", "{D00755A1-DB27-43FF-A860-7E5D4133415F}"
EndProject
Project("{9A19103F-16F7-4668-BE54-9A1E7A4F7556}") = "DesignPattern.Decorator", "DesignPattern.Decorator\DesignPattern.Decorator.csproj", "{441007B6-1013-4772-B993-B0F55AA606DA}"
EndProject
Project("{9A19103F-16F7-4668-BE54-9A1E7A4F7556}") = "DesignPattern.Composite", "DesignPattern.Composite\DesignPattern.Composite.csproj", "{3FD17221-CFEE-4345-A847-87FCDB7BAF66}"
EndProject
Project("{9A19103F-16F7-4668-BE54-9A1E7A4F7556}") = "DesignPattern.Facade", "DesignPattern.Facade\DesignPattern.Facade.csproj", "{D5A4AEB7-54F6-4E19-9CF7-9F5EF484CBB9}"
EndProject
Project("{9A19103F-16F7-4668-BE54-9A1E7A4F7556}") = "DesignPattern.Flyweight", "DesignPattern.Flyweight\DesignPattern.Flyweight.csproj", "{23C51B66-79E9-4E2D-94C8-FDC525E80452}"
EndProject
Project("{9A19103F-16F7-4668-BE54-9A1E7A4F7556}") = "DesignPattern.Proxy", "DesignPattern.Proxy\DesignPattern.Proxy.csproj", "{C525D3EE-CE76-4097-A469-F9595B5AC8C9}"
EndProject
Project("{9A19103F-16F7-4668-BE54-9A1E7A4F7556}") = "DesignPattern.Template", "DesignPattern.Template\DesignPattern.Template.csproj", "{1A1B8BE8-1B3E-43AA-9FE9-314E1AB1DD75}"
EndProject
Project("{9A19103F-16F7-4668-BE54-9A1E7A4F7556}") = "DesignPattern.Command", "DesignPattern.Command\DesignPattern.Command.csproj", "{A8AB3D50-A833-4B53-98D0-C6374B91DF8B}"
EndProject
Project("{9A19103F-16F7-4668-BE54-9A1E7A4F7556}") = "DesignPattern.Iterator", "DesignPattern.Iterator\DesignPattern.Iterator.csproj", "{9644E4E1-B6FF-4BB8-9B66-031554FB9D10}"
EndProject
Project("{9A19103F-16F7-4668-BE54-9A1E7A4F7556}") = "DesignPattern.Observer", "DesignPattern.Observer\DesignPattern.Observer.csproj", "{4178AD76-FDF4-45B7-A7E0-061400D29609}"
EndProject
Project("{9A19103F-16F7-4668-BE54-9A1E7A4F7556}") = "DesignPattern.Mediator", "DesignPattern.Mediator\DesignPattern.Mediator.csproj", "{EF8E8684-0722-4604-9822-5022AEA9F9B1}"
EndProject
Project("{9A19103F-16F7-4668-BE54-9A1E7A4F7556}") = "DesignPattern.State", "DesignPattern.State\DesignPattern.State.csproj", "{D7449103-9BB9-479F-A37A-B2CD19B87D75}"
EndProject
Project("{FAE04EC0-301F-11D3-BF4B-00C04F79EFBC}") = "DesignPattern.Strategy", "DesignPattern.Strategy\DesignPattern.Strategy.csproj", "{062177E2-4864-4BA1-996B-75F0631366D1}"
EndProject
Project("{FAE04EC0-301F-11D3-BF4B-00C04F79EFBC}") = "DesignPattern.ChainOfResponsibility", "DesignPattern.ChainOfResponsibility\DesignPattern.ChainOfResponsibility.csproj", "{05906DE0-B216-41C9-9F6F-72B376324496}"
EndProject
Project("{FAE04EC0-301F-11D3-BF4B-00C04F79EFBC}") = "DesignPattern.Visitor", "DesignPattern.Visitor\DesignPattern.Visitor.csproj", "{3A89FCD6-B09A-4BD8-85A1-2C6A17658837}"
EndProject
Global
	GlobalSection(SolutionConfigurationPlatforms) = preSolution
		Debug|Any CPU = Debug|Any CPU
		Release|Any CPU = Release|Any CPU
	EndGlobalSection
	GlobalSection(ProjectConfigurationPlatforms) = postSolution
		{5F90FE6A-69F1-4AE2-8E9F-FFBBD219D9C2}.Debug|Any CPU.ActiveCfg = Debug|Any CPU
		{5F90FE6A-69F1-4AE2-8E9F-FFBBD219D9C2}.Debug|Any CPU.Build.0 = Debug|Any CPU
		{5F90FE6A-69F1-4AE2-8E9F-FFBBD219D9C2}.Release|Any CPU.ActiveCfg = Release|Any CPU
		{5F90FE6A-69F1-4AE2-8E9F-FFBBD219D9C2}.Release|Any CPU.Build.0 = Release|Any CPU
		{918CA60B-590E-40CA-9792-0A503E856023}.Debug|Any CPU.ActiveCfg = Debug|Any CPU
		{918CA60B-590E-40CA-9792-0A503E856023}.Debug|Any CPU.Build.0 = Debug|Any CPU
		{918CA60B-590E-40CA-9792-0A503E856023}.Release|Any CPU.ActiveCfg = Release|Any CPU
		{918CA60B-590E-40CA-9792-0A503E856023}.Release|Any CPU.Build.0 = Release|Any CPU
		{2876E9B8-94F9-47AE-B7FA-20EC2E8628B9}.Debug|Any CPU.ActiveCfg = Debug|Any CPU
		{2876E9B8-94F9-47AE-B7FA-20EC2E8628B9}.Debug|Any CPU.Build.0 = Debug|Any CPU
		{2876E9B8-94F9-47AE-B7FA-20EC2E8628B9}.Release|Any CPU.ActiveCfg = Release|Any CPU
		{2876E9B8-94F9-47AE-B7FA-20EC2E8628B9}.Release|Any CPU.Build.0 = Release|Any CPU
		{EC001F3C-B35D-4EFD-ACEF-E7BE1FE9B4CE}.Debug|Any CPU.ActiveCfg = Debug|Any CPU
		{EC001F3C-B35D-4EFD-ACEF-E7BE1FE9B4CE}.Debug|Any CPU.Build.0 = Debug|Any CPU
		{EC001F3C-B35D-4EFD-ACEF-E7BE1FE9B4CE}.Release|Any CPU.ActiveCfg = Release|Any CPU
		{EC001F3C-B35D-4EFD-ACEF-E7BE1FE9B4CE}.Release|Any CPU.Build.0 = Release|Any CPU
		{7586A291-DB3C-4EAA-8A51-EC74A16D9BF8}.Debug|Any CPU.ActiveCfg = Debug|Any CPU
		{7586A291-DB3C-4EAA-8A51-EC74A16D9BF8}.Debug|Any CPU.Build.0 = Debug|Any CPU
		{7586A291-DB3C-4EAA-8A51-EC74A16D9BF8}.Release|Any CPU.ActiveCfg = Release|Any CPU
		{7586A291-DB3C-4EAA-8A51-EC74A16D9BF8}.Release|Any CPU.Build.0 = Release|Any CPU
		{803408F7-CD00-47EF-B16A-3D11FCAAA6E5}.Debug|Any CPU.ActiveCfg = Debug|Any CPU
		{803408F7-CD00-47EF-B16A-3D11FCAAA6E5}.Debug|Any CPU.Build.0 = Debug|Any CPU
		{803408F7-CD00-47EF-B16A-3D11FCAAA6E5}.Release|Any CPU.ActiveCfg = Release|Any CPU
		{803408F7-CD00-47EF-B16A-3D11FCAAA6E5}.Release|Any CPU.Build.0 = Release|Any CPU
		{D00755A1-DB27-43FF-A860-7E5D4133415F}.Debug|Any CPU.ActiveCfg = Debug|Any CPU
		{D00755A1-DB27-43FF-A860-7E5D4133415F}.Debug|Any CPU.Build.0 = Debug|Any CPU
		{D00755A1-DB27-43FF-A860-7E5D4133415F}.Release|Any CPU.ActiveCfg = Release|Any CPU
		{D00755A1-DB27-43FF-A860-7E5D4133415F}.Release|Any CPU.Build.0 = Release|Any CPU
		{441007B6-1013-4772-B993-B0F55AA606DA}.Debug|Any CPU.ActiveCfg = Debug|Any CPU
		{441007B6-1013-4772-B993-B0F55AA606DA}.Debug|Any CPU.Build.0 = Debug|Any CPU
		{441007B6-1013-4772-B993-B0F55AA606DA}.Release|Any CPU.ActiveCfg = Release|Any CPU
		{441007B6-1013-4772-B993-B0F55AA606DA}.Release|Any CPU.Build.0 = Release|Any CPU
		{3FD17221-CFEE-4345-A847-87FCDB7BAF66}.Debug|Any CPU.ActiveCfg = Debug|Any CPU
		{3FD17221-CFEE-4345-A847-87FCDB7BAF66}.Debug|Any CPU.Build.0 = Debug|Any CPU
		{3FD17221-CFEE-4345-A847-87FCDB7BAF66}.Release|Any CPU.ActiveCfg = Release|Any CPU
		{3FD17221-CFEE-4345-A847-87FCDB7BAF66}.Release|Any CPU.Build.0 = Release|Any CPU
		{D5A4AEB7-54F6-4E19-9CF7-9F5EF484CBB9}.Debug|Any CPU.ActiveCfg = Debug|Any CPU
		{D5A4AEB7-54F6-4E19-9CF7-9F5EF484CBB9}.Debug|Any CPU.Build.0 = Debug|Any CPU
		{D5A4AEB7-54F6-4E19-9CF7-9F5EF484CBB9}.Release|Any CPU.ActiveCfg = Release|Any CPU
		{D5A4AEB7-54F6-4E19-9CF7-9F5EF484CBB9}.Release|Any CPU.Build.0 = Release|Any CPU
		{23C51B66-79E9-4E2D-94C8-FDC525E80452}.Debug|Any CPU.ActiveCfg = Debug|Any CPU
		{23C51B66-79E9-4E2D-94C8-FDC525E80452}.Debug|Any CPU.Build.0 = Debug|Any CPU
		{23C51B66-79E9-4E2D-94C8-FDC525E80452}.Release|Any CPU.ActiveCfg = Release|Any CPU
		{23C51B66-79E9-4E2D-94C8-FDC525E80452}.Release|Any CPU.Build.0 = Release|Any CPU
		{C525D3EE-CE76-4097-A469-F9595B5AC8C9}.Debug|Any CPU.ActiveCfg = Debug|Any CPU
		{C525D3EE-CE76-4097-A469-F9595B5AC8C9}.Debug|Any CPU.Build.0 = Debug|Any CPU
		{C525D3EE-CE76-4097-A469-F9595B5AC8C9}.Release|Any CPU.ActiveCfg = Release|Any CPU
		{C525D3EE-CE76-4097-A469-F9595B5AC8C9}.Release|Any CPU.Build.0 = Release|Any CPU
		{1A1B8BE8-1B3E-43AA-9FE9-314E1AB1DD75}.Debug|Any CPU.ActiveCfg = Debug|Any CPU
		{1A1B8BE8-1B3E-43AA-9FE9-314E1AB1DD75}.Debug|Any CPU.Build.0 = Debug|Any CPU
		{1A1B8BE8-1B3E-43AA-9FE9-314E1AB1DD75}.Release|Any CPU.ActiveCfg = Release|Any CPU
		{1A1B8BE8-1B3E-43AA-9FE9-314E1AB1DD75}.Release|Any CPU.Build.0 = Release|Any CPU
		{A8AB3D50-A833-4B53-98D0-C6374B91DF8B}.Debug|Any CPU.ActiveCfg = Debug|Any CPU
		{A8AB3D50-A833-4B53-98D0-C6374B91DF8B}.Debug|Any CPU.Build.0 = Debug|Any CPU
		{A8AB3D50-A833-4B53-98D0-C6374B91DF8B}.Release|Any CPU.ActiveCfg = Release|Any CPU
		{A8AB3D50-A833-4B53-98D0-C6374B91DF8B}.Release|Any CPU.Build.0 = Release|Any CPU
		{9644E4E1-B6FF-4BB8-9B66-031554FB9D10}.Debug|Any CPU.ActiveCfg = Debug|Any CPU
		{9644E4E1-B6FF-4BB8-9B66-031554FB9D10}.Debug|Any CPU.Build.0 = Debug|Any CPU
		{9644E4E1-B6FF-4BB8-9B66-031554FB9D10}.Release|Any CPU.ActiveCfg = Release|Any CPU
		{9644E4E1-B6FF-4BB8-9B66-031554FB9D10}.Release|Any CPU.Build.0 = Release|Any CPU
		{4178AD76-FDF4-45B7-A7E0-061400D29609}.Debug|Any CPU.ActiveCfg = Debug|Any CPU
		{4178AD76-FDF4-45B7-A7E0-061400D29609}.Debug|Any CPU.Build.0 = Debug|Any CPU
		{4178AD76-FDF4-45B7-A7E0-061400D29609}.Release|Any CPU.ActiveCfg = Release|Any CPU
		{4178AD76-FDF4-45B7-A7E0-061400D29609}.Release|Any CPU.Build.0 = Release|Any CPU
		{EF8E8684-0722-4604-9822-5022AEA9F9B1}.Debug|Any CPU.ActiveCfg = Debug|Any CPU
		{EF8E8684-0722-4604-9822-5022AEA9F9B1}.Debug|Any CPU.Build.0 = Debug|Any CPU
		{EF8E8684-0722-4604-9822-5022AEA9F9B1}.Release|Any CPU.ActiveCfg = Release|Any CPU
		{EF8E8684-0722-4604-9822-5022AEA9F9B1}.Release|Any CPU.Build.0 = Release|Any CPU
		{D7449103-9BB9-479F-A37A-B2CD19B87D75}.Debug|Any CPU.ActiveCfg = Debug|Any CPU
		{D7449103-9BB9-479F-A37A-B2CD19B87D75}.Debug|Any CPU.Build.0 = Debug|Any CPU
		{D7449103-9BB9-479F-A37A-B2CD19B87D75}.Release|Any CPU.ActiveCfg = Release|Any CPU
		{D7449103-9BB9-479F-A37A-B2CD19B87D75}.Release|Any CPU.Build.0 = Release|Any CPU
		{062177E2-4864-4BA1-996B-75F0631366D1}.Debug|Any CPU.ActiveCfg = Debug|Any CPU
		{062177E2-4864-4BA1-996B-75F0631366D1}.Debug|Any CPU.Build.0 = Debug|Any CPU
		{062177E2-4864-4BA1-996B-75F0631366D1}.Release|Any CPU.ActiveCfg = Release|Any CPU
		{062177E2-4864-4BA1-996B-75F0631366D1}.Release|Any CPU.Build.0 = Release|Any CPU
		{05906DE0-B216-41C9-9F6F-72B376324496}.Debug|Any CPU.ActiveCfg = Debug|Any CPU
		{05906DE0-B216-41C9-9F6F-72B376324496}.Debug|Any CPU.Build.0 = Debug|Any CPU
		{05906DE0-B216-41C9-9F6F-72B376324496}.Release|Any CPU.ActiveCfg = Release|Any CPU
		{05906DE0-B216-41C9-9F6F-72B376324496}.Release|Any CPU.Build.0 = Release|Any CPU
		{3A89FCD6-B09A-4BD8-85A1-2C6A17658837}.Debug|Any CPU.ActiveCfg = Debug|Any CPU
		{3A89FCD6-B09A-4BD8-85A1-2C6A17658837}.Debug|Any CPU.Build.0 = Debug|Any CPU
		{3A89FCD6-B09A-4BD8-85A1-2C6A17658837}.Release|Any CPU.ActiveCfg = Release|Any CPU
		{3A89FCD6-B09A-4BD8-85A1-2C6A17658837}.Release|Any CPU.Build.0 = Release|Any CPU
	EndGlobalSection
	GlobalSection(SolutionProperties) = preSolution
		HideSolutionNode = FALSE
	EndGlobalSection
	GlobalSection(NestedProjects) = preSolution
		{5F90FE6A-69F1-4AE2-8E9F-FFBBD219D9C2} = {6FBA3FCF-BE94-460A-81D2-2D8B74F69C87}
		{918CA60B-590E-40CA-9792-0A503E856023} = {6FBA3FCF-BE94-460A-81D2-2D8B74F69C87}
		{2876E9B8-94F9-47AE-B7FA-20EC2E8628B9} = {6FBA3FCF-BE94-460A-81D2-2D8B74F69C87}
		{EC001F3C-B35D-4EFD-ACEF-E7BE1FE9B4CE} = {6FBA3FCF-BE94-460A-81D2-2D8B74F69C87}
		{7586A291-DB3C-4EAA-8A51-EC74A16D9BF8} = {6FBA3FCF-BE94-460A-81D2-2D8B74F69C87}
		{803408F7-CD00-47EF-B16A-3D11FCAAA6E5} = {F095BF33-BCC3-4D47-AD55-A42D7589FDB7}
		{D00755A1-DB27-43FF-A860-7E5D4133415F} = {F095BF33-BCC3-4D47-AD55-A42D7589FDB7}
		{441007B6-1013-4772-B993-B0F55AA606DA} = {F095BF33-BCC3-4D47-AD55-A42D7589FDB7}
		{3FD17221-CFEE-4345-A847-87FCDB7BAF66} = {F095BF33-BCC3-4D47-AD55-A42D7589FDB7}
		{D5A4AEB7-54F6-4E19-9CF7-9F5EF484CBB9} = {F095BF33-BCC3-4D47-AD55-A42D7589FDB7}
		{23C51B66-79E9-4E2D-94C8-FDC525E80452} = {F095BF33-BCC3-4D47-AD55-A42D7589FDB7}
		{C525D3EE-CE76-4097-A469-F9595B5AC8C9} = {F095BF33-BCC3-4D47-AD55-A42D7589FDB7}
		{1A1B8BE8-1B3E-43AA-9FE9-314E1AB1DD75} = {8F627491-096C-4E1B-A6E4-F10FE5F02003}
		{A8AB3D50-A833-4B53-98D0-C6374B91DF8B} = {8F627491-096C-4E1B-A6E4-F10FE5F02003}
		{9644E4E1-B6FF-4BB8-9B66-031554FB9D10} = {8F627491-096C-4E1B-A6E4-F10FE5F02003}
		{4178AD76-FDF4-45B7-A7E0-061400D29609} = {8F627491-096C-4E1B-A6E4-F10FE5F02003}
		{EF8E8684-0722-4604-9822-5022AEA9F9B1} = {8F627491-096C-4E1B-A6E4-F10FE5F02003}
		{D7449103-9BB9-479F-A37A-B2CD19B87D75} = {8F627491-096C-4E1B-A6E4-F10FE5F02003}
		{062177E2-4864-4BA1-996B-75F0631366D1} = {8F627491-096C-4E1B-A6E4-F10FE5F02003}
		{05906DE0-B216-41C9-9F6F-72B376324496} = {8F627491-096C-4E1B-A6E4-F10FE5F02003}
		{3A89FCD6-B09A-4BD8-85A1-2C6A17658837} = {8F627491-096C-4E1B-A6E4-F10FE5F02003}
	EndGlobalSection
	GlobalSection(ExtensibilityGlobals) = postSolution
		SolutionGuid = {E2D5F895-F184-4CBF-8062-88B2A2902B37}
	EndGlobalSection
EndGlobal
